
Microsoft Visual Studio Solution File, Format Version 12.00
# Visual Studio 15
VisualStudioVersion = 15.0.28307.271
MinimumVisualStudioVersion = 10.0.40219.1
Project("{9A19103F-16F7-4668-BE54-9A1E7A4F7556}") = "LiquidTransform.functionapp.v1", "LiquidTransform.functionapp.v1\LiquidTransform.functionapp.v1.csproj", "{81C56DE5-335C-46F1-BAD9-F32F50E41863}"
EndProject
Project("{2150E333-8FDC-42A3-9474-1A3956D46DE8}") = "Solution Items", "Solution Items", "{4DEC94DB-7CB2-4FB5-81DF-BA5F705BED8F}"
	ProjectSection(SolutionItems) = preProject
		liquidtransformfunctionapp.swagger = liquidtransformfunctionapp.swagger
	EndProjectSection
EndProject
Global
	GlobalSection(SolutionConfigurationPlatforms) = preSolution
		Debug|Any CPU = Debug|Any CPU
		Release|Any CPU = Release|Any CPU
	EndGlobalSection
	GlobalSection(ProjectConfigurationPlatforms) = postSolution
		{81C56DE5-335C-46F1-BAD9-F32F50E41863}.Debug|Any CPU.ActiveCfg = Debug|Any CPU
		{81C56DE5-335C-46F1-BAD9-F32F50E41863}.Debug|Any CPU.Build.0 = Debug|Any CPU
		{81C56DE5-335C-46F1-BAD9-F32F50E41863}.Release|Any CPU.ActiveCfg = Release|Any CPU
		{81C56DE5-335C-46F1-BAD9-F32F50E41863}.Release|Any CPU.Build.0 = Release|Any CPU
	EndGlobalSection
	GlobalSection(SolutionProperties) = preSolution
		HideSolutionNode = FALSE
	EndGlobalSection
	GlobalSection(ExtensibilityGlobals) = postSolution
		SolutionGuid = {0010B31F-BDF9-44F9-A113-012336AC8FF6}
	EndGlobalSection
EndGlobal
